{
  "version": 4,
  "terraform_version": "1.3.0",
  "serial": 32,
  "lineage": "4c2c8288-e245-aeaa-f50f-e3f9fc3e7411",
  "outputs": {},
  "resources": [
    {
      "mode": "data",
      "type": "aws_db_instance",
      "name": "primary",
      "provider": "provider[\"registry.terraform.io/hashicorp/aws\"]",
      "instances": [
        {
          "schema_version": 0,
          "attributes": {
            "address": "cdc-primary.caib2hjts3uv.us-east-1.rds.amazonaws.com",
            "allocated_storage": 5,
            "auto_minor_version_upgrade": true,
            "availability_zone": "us-east-1a",
            "backup_retention_period": 0,
            "ca_cert_identifier": "rds-ca-2019",
            "db_cluster_identifier": "",
            "db_instance_arn": "arn:aws:rds:us-east-1:303062045729:db:cdc-primary",
            "db_instance_class": "db.t3.micro",
            "db_instance_identifier": "cdc-primary",
            "db_instance_port": 0,
            "db_name": "",
            "db_parameter_groups": [
              "cdc-primary-20230720003723825300000002"
            ],
            "db_subnet_group": "cdc-primary-20230720003723828500000004",
            "enabled_cloudwatch_logs_exports": [],
            "endpoint": "cdc-primary.caib2hjts3uv.us-east-1.rds.amazonaws.com:5432",
            "engine": "postgres",
            "engine_version": "14.7",
            "hosted_zone_id": "Z1PVIF0B656C1W",
            "id": "cdc-primary",
            "iops": 0,
            "kms_key_id": "arn:aws:kms:us-east-1:303062045729:key/0f740600-4724-4237-bbc0-a9828e199572",
            "license_model": "postgresql-license",
            "master_user_secret": null,
            "master_username": "postgres",
            "monitoring_interval": 30,
            "monitoring_role_arn": "arn:aws:iam::303062045729:role/MyRDSMonitoringRole",
            "multi_az": false,
            "network_type": "IPV4",
            "option_group_memberships": [
              "default:postgres-14"
            ],
            "port": 5432,
            "preferred_backup_window": "03:00-06:00",
            "preferred_maintenance_window": "mon:00:00-mon:03:00",
            "publicly_accessible": true,
            "replicate_source_db": "",
            "resource_id": "db-OMZPR2RKW4L4YDNPBV4KSFVKEQ",
            "storage_encrypted": true,
            "storage_throughput": 0,
            "storage_type": "gp2",
            "tags": {
              "Environment": "dev",
              "Owner": "user"
            },
            "timezone": "",
            "vpc_security_groups": [
              "sg-00a84a56f3d140d9d"
            ]
          },
          "sensitive_attributes": []
        }
      ]
    },
    {
      "mode": "data",
      "type": "aws_elasticache_replication_group",
      "name": "redis",
      "provider": "provider[\"registry.terraform.io/hashicorp/aws\"]",
      "instances": [
        {
          "schema_version": 0,
          "attributes": {
            "arn": "arn:aws:elasticache:us-east-1:303062045729:replicationgroup:tf-rep-group-1",
            "auth_token_enabled": false,
            "automatic_failover_enabled": false,
            "configuration_endpoint_address": null,
            "description": "test description",
            "id": "tf-rep-group-1",
            "log_delivery_configuration": [],
            "member_clusters": [
              "tf-rep-group-1-001"
            ],
            "multi_az_enabled": false,
            "node_type": "cache.t3.micro",
            "num_cache_clusters": 1,
            "num_node_groups": 1,
            "port": 6379,
            "primary_endpoint_address": "tf-rep-group-1.ooe4fi.ng.0001.usw2.cache.amazonaws.com",
            "reader_endpoint_address": "tf-rep-group-1-ro.ooe4fi.ng.0001.usw2.cache.amazonaws.com",
            "replicas_per_node_group": 0,
            "replication_group_id": "tf-rep-group-1",
            "snapshot_retention_limit": 0,
            "snapshot_window": "07:30-08:30"
          },
          "sensitive_attributes": []
        }
      ]
    },
    {
      "mode": "managed",
      "type": "kubectl_manifest",
      "name": "debezium_pod",
      "provider": "provider[\"registry.terraform.io/gavinbunney/kubectl\"]",
      "instances": [
        {
          "schema_version": 1,
          "attributes": {
            "api_version": "v1",
            "apply_only": false,
            "force_conflicts": false,
            "force_new": false,
            "id": "/api/v1/namespaces/default/pods/debezium-source",
            "ignore_fields": null,
            "kind": "Pod",
            "live_manifest_incluster": "10c375b022cf7aa514685b1f6cc40dd66545567a739356fb8bc6ae819e608cbb",
            "live_uid": "8cb95da0-6a08-43b9-b5a6-beb9aa85080e",
            "name": "debezium-source",
            "namespace": null,
            "override_namespace": null,
            "sensitive_fields": null,
            "server_side_apply": false,
            "timeouts": null,
            "uid": "8cb95da0-6a08-43b9-b5a6-beb9aa85080e",
            "validate_schema": true,
            "wait": null,
            "wait_for_rollout": true,
            "yaml_body": "apiVersion: v1\nkind: Pod\nmetadata:\n  name: debezium-source\nspec:\n  containers:\n  - name: debezium\n    image: debezium/server\n    volumeMounts:\n    - name: app-config\n      mountPath: /debezium/conf\n  volumes:\n  - name: app-config\n    configMap:\n      name: source-config",
            "yaml_body_parsed": "apiVersion: v1\nkind: Pod\nmetadata:\n  name: debezium-source\nspec:\n  containers:\n  - image: debezium/server\n    name: debezium\n    volumeMounts:\n    - mountPath: /debezium/conf\n      name: app-config\n  volumes:\n  - configMap:\n      name: source-config\n    name: app-config\n",
            "yaml_incluster": "10c375b022cf7aa514685b1f6cc40dd66545567a739356fb8bc6ae819e608cbb"
          },
          "sensitive_attributes": [],
          "private": "eyJlMmJmYjczMC1lY2FhLTExZTYtOGY4OC0zNDM2M2JjN2M0YzAiOnsiY3JlYXRlIjo2MDAwMDAwMDAwMDB9LCJzY2hlbWFfdmVyc2lvbiI6IjEifQ==",
          "dependencies": [
            "data.aws_db_instance.primary",
            "data.aws_elasticache_replication_group.redis",
            "kubernetes_config_map.source_config"
          ]
        }
      ]
    },
    {
      "mode": "managed",
      "type": "kubernetes_config_map",
      "name": "source_config",
      "provider": "provider[\"registry.terraform.io/hashicorp/kubernetes\"]",
      "instances": [
        {
          "schema_version": 0,
          "attributes": {
            "binary_data": {},
            "data": {
              "application.properties": "debezium.sink.type=redis\ndebezium.sink.redis.address=tf-rep-group-1.ooe4fi.ng.0001.usw2.cache.amazonaws.com:6379\ndebezium.source.connector.class=io.debezium.connector.postgresql.PostgresConnector\ndebezium.source.offset.storage.file.filename=data/offsets.dat\ndebezium.source.offset.flush.interval.ms=0\ndebezium.source.database.hostname=cdc-primary.caib2hjts3uv.us-east-1.rds.amazonaws.com\ndebezium.source.database.port=5432\ndebezium.source.database.user=postgres\ndebezium.source.database.password=CuTGUoIA\ndebezium.source.database.dbname=postgres\ndebezium.source.database.server.name=postgres\ndebezium.source.plugin.name=pgoutput\ndebezium.source.topic.prefix=cdc\ndebezium.source.snapshot.mode=never\ndebezium.source.decimal.handling.mode=double"
            },
            "id": "default/source-config",
            "immutable": false,
            "metadata": [
              {
                "annotations": {},
                "generate_name": "",
                "generation": 0,
                "labels": {},
                "name": "source-config",
                "namespace": "default",
                "resource_version": "4701",
                "uid": "a0c24757-5351-40c4-83ae-86d218ad983f"
              }
            ]
          },
          "sensitive_attributes": [],
          "private": "bnVsbA==",
          "dependencies": [
            "data.aws_db_instance.primary",
            "data.aws_elasticache_replication_group.redis"
          ]
        }
      ]
    }
  ],
  "check_results": []
}
