{
  "version": 4,
  "terraform_version": "1.3.0",
  "serial": 30,
  "lineage": "32158326-4074-a882-ba77-98e4ff888e00",
  "outputs": {
    "blue_db_instance_identifier": {
      "value": "cdc-bowo-primary",
      "type": "string"
    },
    "green_db_instance_identifier": {
      "value": "cdc-bowo-secondary",
      "type": "string"
    },
    "rds_password": {
      "value": "CuTGUoIA",
      "type": "string"
    }
  },
  "resources": [
    {
      "mode": "data",
      "type": "aws_subnets",
      "name": "db",
      "provider": "provider[\"registry.terraform.io/hashicorp/aws\"]",
      "instances": [
        {
          "schema_version": 0,
          "attributes": {
            "filter": [
              {
                "name": "tag:Name",
                "values": [
                  "bowo-vpc-public*"
                ]
              }
            ],
            "id": "us-west-2",
            "ids": [
              "subnet-0ad7f7721d858d47d",
              "subnet-0284fa90b0d45c9b2",
              "subnet-0f5d31c3c331c8713"
            ],
            "tags": null,
            "timeouts": null
          },
          "sensitive_attributes": []
        }
      ]
    },
    {
      "mode": "data",
      "type": "aws_vpc",
      "name": "cdc_vpc",
      "provider": "provider[\"registry.terraform.io/hashicorp/aws\"]",
      "instances": [
        {
          "schema_version": 0,
          "attributes": {
            "arn": "arn:aws:ec2:us-west-2:030584239866:vpc/vpc-03e52b21e37d49eef",
            "cidr_block": "10.0.0.0/16",
            "cidr_block_associations": [
              {
                "association_id": "vpc-cidr-assoc-0f56cb612858dcd09",
                "cidr_block": "10.0.0.0/16",
                "state": "associated"
              }
            ],
            "default": false,
            "dhcp_options_id": "dopt-021ef6d277775201a",
            "enable_dns_hostnames": true,
            "enable_dns_support": true,
            "enable_network_address_usage_metrics": false,
            "filter": [
              {
                "name": "tag:Name",
                "values": [
                  "bowo-vpc"
                ]
              }
            ],
            "id": "vpc-03e52b21e37d49eef",
            "instance_tenancy": "default",
            "ipv6_association_id": "",
            "ipv6_cidr_block": "",
            "main_route_table_id": "rtb-0f381ae830d86bf99",
            "owner_id": "030584239866",
            "state": null,
            "tags": {
              "Name": "bowo-vpc"
            },
            "timeouts": null
          },
          "sensitive_attributes": []
        }
      ]
    },
    {
      "module": "module.blue.module.db_instance",
      "mode": "data",
      "type": "aws_iam_policy_document",
      "name": "enhanced_monitoring",
      "provider": "provider[\"registry.terraform.io/hashicorp/aws\"]",
      "instances": [
        {
          "schema_version": 0,
          "attributes": {
            "id": "76086537",
            "json": "{\n  \"Version\": \"2012-10-17\",\n  \"Statement\": [\n    {\n      \"Effect\": \"Allow\",\n      \"Action\": \"sts:AssumeRole\",\n      \"Principal\": {\n        \"Service\": \"monitoring.rds.amazonaws.com\"\n      }\n    }\n  ]\n}",
            "override_policy_documents": null,
            "policy_id": null,
            "source_policy_documents": null,
            "statement": [
              {
                "actions": [
                  "sts:AssumeRole"
                ],
                "condition": [],
                "effect": "Allow",
                "not_actions": [],
                "not_principals": [],
                "not_resources": [],
                "principals": [
                  {
                    "identifiers": [
                      "monitoring.rds.amazonaws.com"
                    ],
                    "type": "Service"
                  }
                ],
                "resources": [],
                "sid": ""
              }
            ],
            "version": "2012-10-17"
          },
          "sensitive_attributes": []
        }
      ]
    },
    {
      "module": "module.blue.module.db_instance",
      "mode": "data",
      "type": "aws_partition",
      "name": "current",
      "provider": "provider[\"registry.terraform.io/hashicorp/aws\"]",
      "instances": [
        {
          "schema_version": 0,
          "attributes": {
            "dns_suffix": "amazonaws.com",
            "id": "aws",
            "partition": "aws",
            "reverse_dns_prefix": "com.amazonaws"
          },
          "sensitive_attributes": []
        }
      ]
    },
    {
      "module": "module.blue.module.db_instance",
      "mode": "managed",
      "type": "aws_cloudwatch_log_group",
      "name": "this",
      "provider": "provider[\"registry.terraform.io/hashicorp/aws\"]",
      "instances": []
    },
    {
      "module": "module.blue.module.db_instance",
      "mode": "managed",
      "type": "aws_db_instance",
      "name": "this",
      "provider": "provider[\"registry.terraform.io/hashicorp/aws\"]",
      "instances": []
    },
    {
      "module": "module.blue.module.db_instance",
      "mode": "managed",
      "type": "aws_iam_role",
      "name": "enhanced_monitoring",
      "provider": "provider[\"registry.terraform.io/hashicorp/aws\"]",
      "instances": [
        {
          "index_key": 0,
          "schema_version": 0,
          "attributes": {
            "arn": "arn:aws:iam::030584239866:role/MyRDSMonitoringRole",
            "assume_role_policy": "{\"Statement\":[{\"Action\":\"sts:AssumeRole\",\"Effect\":\"Allow\",\"Principal\":{\"Service\":\"monitoring.rds.amazonaws.com\"}}],\"Version\":\"2012-10-17\"}",
            "create_date": "2023-07-18T13:25:21Z",
            "description": "",
            "force_detach_policies": false,
            "id": "MyRDSMonitoringRole",
            "inline_policy": [],
            "managed_policy_arns": [
              "arn:aws:iam::aws:policy/service-role/AmazonRDSEnhancedMonitoringRole"
            ],
            "max_session_duration": 3600,
            "name": "MyRDSMonitoringRole",
            "name_prefix": "",
            "path": "/",
            "permissions_boundary": null,
            "tags": {
              "Environment": "dev",
              "Name": "MyRDSMonitoringRole",
              "Owner": "user"
            },
            "tags_all": {
              "Environment": "dev",
              "Name": "MyRDSMonitoringRole",
              "Owner": "user"
            },
            "unique_id": "AROAQOHXWO35CXWG3M42V"
          },
          "sensitive_attributes": [],
          "private": "bnVsbA==",
          "dependencies": [
            "module.blue.module.db_instance.data.aws_iam_policy_document.enhanced_monitoring"
          ]
        }
      ]
    },
    {
      "module": "module.blue.module.db_instance",
      "mode": "managed",
      "type": "aws_iam_role_policy_attachment",
      "name": "enhanced_monitoring",
      "provider": "provider[\"registry.terraform.io/hashicorp/aws\"]",
      "instances": [
        {
          "index_key": 0,
          "schema_version": 0,
          "attributes": {
            "id": "MyRDSMonitoringRole-20230718132523071700000007",
            "policy_arn": "arn:aws:iam::aws:policy/service-role/AmazonRDSEnhancedMonitoringRole",
            "role": "MyRDSMonitoringRole"
          },
          "sensitive_attributes": [],
          "private": "bnVsbA==",
          "dependencies": [
            "module.blue.module.db_instance.aws_iam_role.enhanced_monitoring",
            "module.blue.module.db_instance.data.aws_iam_policy_document.enhanced_monitoring",
            "module.blue.module.db_instance.data.aws_partition.current"
          ]
        }
      ]
    },
    {
      "module": "module.blue.module.db_instance",
      "mode": "managed",
      "type": "random_id",
      "name": "snapshot_identifier",
      "provider": "provider[\"registry.terraform.io/hashicorp/random\"]",
      "instances": [
        {
          "index_key": 0,
          "schema_version": 0,
          "attributes": {
            "b64_std": "3xMQdg==",
            "b64_url": "3xMQdg",
            "byte_length": 4,
            "dec": "3742568566",
            "hex": "df131076",
            "id": "3xMQdg",
            "keepers": {
              "id": "cdc-bowo-primary"
            },
            "prefix": null
          },
          "sensitive_attributes": []
        }
      ]
    },
    {
      "module": "module.blue.module.db_parameter_group",
      "mode": "managed",
      "type": "aws_db_parameter_group",
      "name": "this",
      "provider": "provider[\"registry.terraform.io/hashicorp/aws\"]",
      "instances": [
        {
          "index_key": 0,
          "status": "tainted",
          "schema_version": 0,
          "attributes": {
            "arn": "arn:aws:rds:us-west-2:030584239866:pg:cdc-bowo-primary-20230718132839062500000001",
            "description": "cdc-bowo-primary parameter group",
            "family": "postgres14",
            "id": "cdc-bowo-primary-20230718132839062500000001",
            "name": null,
            "name_prefix": "cdc-bowo-primary-",
            "parameter": [
              {
                "apply_method": "immediate",
                "name": "rds.logical_replication",
                "value": "1"
              }
            ],
            "tags": {
              "Environment": "dev",
              "Name": "cdc-bowo-primary",
              "Owner": "user"
            },
            "tags_all": {
              "Environment": "dev",
              "Name": "cdc-bowo-primary",
              "Owner": "user"
            }
          },
          "sensitive_attributes": [],
          "private": "bnVsbA==",
          "create_before_destroy": true
        },
        {
          "index_key": 0,
          "status": "tainted",
          "deposed": "53684655",
          "schema_version": 0,
          "attributes": {
            "arn": "arn:aws:rds:us-west-2:030584239866:pg:cdc-bowo-primary-20230718132520011600000001",
            "description": "cdc-bowo-primary parameter group",
            "family": "postgres14",
            "id": "cdc-bowo-primary-20230718132520011600000001",
            "name": "cdc-bowo-primary-20230718132520011600000001",
            "name_prefix": "cdc-bowo-primary-",
            "parameter": [
              {
                "apply_method": "pending-reboot",
                "name": "rds.logical_replication",
                "value": "0"
              }
            ],
            "tags": {
              "Environment": "dev",
              "Name": "cdc-bowo-primary",
              "Owner": "user"
            },
            "tags_all": {
              "Environment": "dev",
              "Name": "cdc-bowo-primary",
              "Owner": "user"
            }
          },
          "sensitive_attributes": [],
          "private": "bnVsbA==",
          "create_before_destroy": true
        }
      ]
    },
    {
      "module": "module.blue.module.db_subnet_group",
      "mode": "managed",
      "type": "aws_db_subnet_group",
      "name": "this",
      "provider": "provider[\"registry.terraform.io/hashicorp/aws\"]",
      "instances": [
        {
          "index_key": 0,
          "schema_version": 0,
          "attributes": {
            "arn": "arn:aws:rds:us-west-2:030584239866:subgrp:cdc-bowo-primary-20230718132520012000000003",
            "description": "cdc-bowo-primary subnet group",
            "id": "cdc-bowo-primary-20230718132520012000000003",
            "name": "cdc-bowo-primary-20230718132520012000000003",
            "name_prefix": "cdc-bowo-primary-",
            "subnet_ids": [
              "subnet-0284fa90b0d45c9b2",
              "subnet-0ad7f7721d858d47d",
              "subnet-0f5d31c3c331c8713"
            ],
            "supported_network_types": [
              "IPV4"
            ],
            "tags": {
              "Environment": "dev",
              "Name": "cdc-bowo-primary",
              "Owner": "user"
            },
            "tags_all": {
              "Environment": "dev",
              "Name": "cdc-bowo-primary",
              "Owner": "user"
            },
            "vpc_id": "vpc-03e52b21e37d49eef"
          },
          "sensitive_attributes": [],
          "private": "bnVsbA==",
          "dependencies": [
            "data.aws_subnets.db"
          ]
        }
      ]
    },
    {
      "module": "module.green.module.db_instance",
      "mode": "data",
      "type": "aws_iam_policy_document",
      "name": "enhanced_monitoring",
      "provider": "provider[\"registry.terraform.io/hashicorp/aws\"]",
      "instances": [
        {
          "schema_version": 0,
          "attributes": {
            "id": "76086537",
            "json": "{\n  \"Version\": \"2012-10-17\",\n  \"Statement\": [\n    {\n      \"Effect\": \"Allow\",\n      \"Action\": \"sts:AssumeRole\",\n      \"Principal\": {\n        \"Service\": \"monitoring.rds.amazonaws.com\"\n      }\n    }\n  ]\n}",
            "override_policy_documents": null,
            "policy_id": null,
            "source_policy_documents": null,
            "statement": [
              {
                "actions": [
                  "sts:AssumeRole"
                ],
                "condition": [],
                "effect": "Allow",
                "not_actions": [],
                "not_principals": [],
                "not_resources": [],
                "principals": [
                  {
                    "identifiers": [
                      "monitoring.rds.amazonaws.com"
                    ],
                    "type": "Service"
                  }
                ],
                "resources": [],
                "sid": ""
              }
            ],
            "version": "2012-10-17"
          },
          "sensitive_attributes": []
        }
      ]
    },
    {
      "module": "module.green.module.db_instance",
      "mode": "data",
      "type": "aws_partition",
      "name": "current",
      "provider": "provider[\"registry.terraform.io/hashicorp/aws\"]",
      "instances": [
        {
          "schema_version": 0,
          "attributes": {
            "dns_suffix": "amazonaws.com",
            "id": "aws",
            "partition": "aws",
            "reverse_dns_prefix": "com.amazonaws"
          },
          "sensitive_attributes": []
        }
      ]
    },
    {
      "module": "module.green.module.db_instance",
      "mode": "managed",
      "type": "aws_cloudwatch_log_group",
      "name": "this",
      "provider": "provider[\"registry.terraform.io/hashicorp/aws\"]",
      "instances": []
    },
    {
      "module": "module.green.module.db_instance",
      "mode": "managed",
      "type": "aws_db_instance",
      "name": "this",
      "provider": "provider[\"registry.terraform.io/hashicorp/aws\"]",
      "instances": []
    },
    {
      "module": "module.green.module.db_instance",
      "mode": "managed",
      "type": "aws_iam_role",
      "name": "enhanced_monitoring",
      "provider": "provider[\"registry.terraform.io/hashicorp/aws\"]",
      "instances": [
        {
          "index_key": 0,
          "schema_version": 0,
          "attributes": {
            "arn": "arn:aws:iam::030584239866:role/MyRDSMonitoringRole2",
            "assume_role_policy": "{\"Statement\":[{\"Action\":\"sts:AssumeRole\",\"Effect\":\"Allow\",\"Principal\":{\"Service\":\"monitoring.rds.amazonaws.com\"}}],\"Version\":\"2012-10-17\"}",
            "create_date": "2023-07-18T13:25:21Z",
            "description": "",
            "force_detach_policies": false,
            "id": "MyRDSMonitoringRole2",
            "inline_policy": [],
            "managed_policy_arns": [
              "arn:aws:iam::aws:policy/service-role/AmazonRDSEnhancedMonitoringRole"
            ],
            "max_session_duration": 3600,
            "name": "MyRDSMonitoringRole2",
            "name_prefix": "",
            "path": "/",
            "permissions_boundary": null,
            "tags": {
              "Environment": "dev",
              "Name": "MyRDSMonitoringRole2",
              "Owner": "user"
            },
            "tags_all": {
              "Environment": "dev",
              "Name": "MyRDSMonitoringRole2",
              "Owner": "user"
            },
            "unique_id": "AROAQOHXWO35BPS6ORTSU"
          },
          "sensitive_attributes": [],
          "private": "bnVsbA==",
          "dependencies": [
            "module.green.module.db_instance.data.aws_iam_policy_document.enhanced_monitoring"
          ]
        }
      ]
    },
    {
      "module": "module.green.module.db_instance",
      "mode": "managed",
      "type": "aws_iam_role_policy_attachment",
      "name": "enhanced_monitoring",
      "provider": "provider[\"registry.terraform.io/hashicorp/aws\"]",
      "instances": [
        {
          "index_key": 0,
          "schema_version": 0,
          "attributes": {
            "id": "MyRDSMonitoringRole2-20230718132523066800000006",
            "policy_arn": "arn:aws:iam::aws:policy/service-role/AmazonRDSEnhancedMonitoringRole",
            "role": "MyRDSMonitoringRole2"
          },
          "sensitive_attributes": [],
          "private": "bnVsbA==",
          "dependencies": [
            "module.green.module.db_instance.aws_iam_role.enhanced_monitoring",
            "module.green.module.db_instance.data.aws_iam_policy_document.enhanced_monitoring",
            "module.green.module.db_instance.data.aws_partition.current"
          ]
        }
      ]
    },
    {
      "module": "module.green.module.db_instance",
      "mode": "managed",
      "type": "random_id",
      "name": "snapshot_identifier",
      "provider": "provider[\"registry.terraform.io/hashicorp/random\"]",
      "instances": [
        {
          "index_key": 0,
          "schema_version": 0,
          "attributes": {
            "b64_std": "SpGf8g==",
            "b64_url": "SpGf8g",
            "byte_length": 4,
            "dec": "1251057650",
            "hex": "4a919ff2",
            "id": "SpGf8g",
            "keepers": {
              "id": "cdc-bowo-secondary"
            },
            "prefix": null
          },
          "sensitive_attributes": []
        }
      ]
    },
    {
      "module": "module.green.module.db_parameter_group",
      "mode": "managed",
      "type": "aws_db_parameter_group",
      "name": "this",
      "provider": "provider[\"registry.terraform.io/hashicorp/aws\"]",
      "instances": [
        {
          "index_key": 0,
          "status": "tainted",
          "schema_version": 0,
          "attributes": {
            "arn": "arn:aws:rds:us-west-2:030584239866:pg:cdc-bowo-secondary-20230718132839063000000002",
            "description": "cdc-bowo-secondary parameter group",
            "family": "postgres14",
            "id": "cdc-bowo-secondary-20230718132839063000000002",
            "name": null,
            "name_prefix": "cdc-bowo-secondary-",
            "parameter": [
              {
                "apply_method": "immediate",
                "name": "rds.logical_replication",
                "value": "1"
              }
            ],
            "tags": {
              "Environment": "dev",
              "Name": "cdc-bowo-secondary",
              "Owner": "user"
            },
            "tags_all": {
              "Environment": "dev",
              "Name": "cdc-bowo-secondary",
              "Owner": "user"
            }
          },
          "sensitive_attributes": [],
          "private": "bnVsbA==",
          "create_before_destroy": true
        },
        {
          "index_key": 0,
          "status": "tainted",
          "deposed": "c690b674",
          "schema_version": 0,
          "attributes": {
            "arn": "arn:aws:rds:us-west-2:030584239866:pg:cdc-bowo-secondary-20230718132520012000000002",
            "description": "cdc-bowo-secondary parameter group",
            "family": "postgres14",
            "id": "cdc-bowo-secondary-20230718132520012000000002",
            "name": "cdc-bowo-secondary-20230718132520012000000002",
            "name_prefix": "cdc-bowo-secondary-",
            "parameter": [
              {
                "apply_method": "pending-reboot",
                "name": "rds.logical_replication",
                "value": "0"
              }
            ],
            "tags": {
              "Environment": "dev",
              "Name": "cdc-bowo-secondary",
              "Owner": "user"
            },
            "tags_all": {
              "Environment": "dev",
              "Name": "cdc-bowo-secondary",
              "Owner": "user"
            }
          },
          "sensitive_attributes": [],
          "private": "bnVsbA==",
          "create_before_destroy": true
        }
      ]
    },
    {
      "module": "module.green.module.db_subnet_group",
      "mode": "managed",
      "type": "aws_db_subnet_group",
      "name": "this",
      "provider": "provider[\"registry.terraform.io/hashicorp/aws\"]",
      "instances": [
        {
          "index_key": 0,
          "schema_version": 0,
          "attributes": {
            "arn": "arn:aws:rds:us-west-2:030584239866:subgrp:cdc-bowo-secondary-20230718132520012200000004",
            "description": "cdc-bowo-secondary subnet group",
            "id": "cdc-bowo-secondary-20230718132520012200000004",
            "name": "cdc-bowo-secondary-20230718132520012200000004",
            "name_prefix": "cdc-bowo-secondary-",
            "subnet_ids": [
              "subnet-0284fa90b0d45c9b2",
              "subnet-0ad7f7721d858d47d",
              "subnet-0f5d31c3c331c8713"
            ],
            "supported_network_types": [
              "IPV4"
            ],
            "tags": {
              "Environment": "dev",
              "Name": "cdc-bowo-secondary",
              "Owner": "user"
            },
            "tags_all": {
              "Environment": "dev",
              "Name": "cdc-bowo-secondary",
              "Owner": "user"
            },
            "vpc_id": "vpc-03e52b21e37d49eef"
          },
          "sensitive_attributes": [],
          "private": "bnVsbA==",
          "dependencies": [
            "data.aws_subnets.db"
          ]
        }
      ]
    },
    {
      "module": "module.security_groups",
      "mode": "managed",
      "type": "aws_security_group",
      "name": "this_name_prefix",
      "provider": "provider[\"registry.terraform.io/hashicorp/aws\"]",
      "instances": [
        {
          "index_key": 0,
          "schema_version": 1,
          "attributes": {
            "arn": "arn:aws:ec2:us-west-2:030584239866:security-group/sg-098c5ae775d1533ab",
            "description": "Security group for PostgreSQL publicly open",
            "egress": [
              {
                "cidr_blocks": [
                  "0.0.0.0/0"
                ],
                "description": "allow all access",
                "from_port": 0,
                "ipv6_cidr_blocks": [],
                "prefix_list_ids": [],
                "protocol": "-1",
                "security_groups": [],
                "self": false,
                "to_port": 0
              }
            ],
            "id": "sg-098c5ae775d1533ab",
            "ingress": [
              {
                "cidr_blocks": [
                  "0.0.0.0/0"
                ],
                "description": "public access",
                "from_port": 5432,
                "ipv6_cidr_blocks": [],
                "prefix_list_ids": [],
                "protocol": "tcp",
                "security_groups": [],
                "self": false,
                "to_port": 5432
              },
              {
                "cidr_blocks": [
                  "10.0.0.0/16"
                ],
                "description": "eks cluster access",
                "from_port": 5432,
                "ipv6_cidr_blocks": [],
                "prefix_list_ids": [],
                "protocol": "tcp",
                "security_groups": [],
                "self": false,
                "to_port": 5432
              }
            ],
            "name": "postgres-security-group-20230718132520012800000005",
            "name_prefix": "postgres-security-group-",
            "owner_id": "030584239866",
            "revoke_rules_on_delete": false,
            "tags": {
              "Name": "postgres-security-group"
            },
            "tags_all": {
              "Name": "postgres-security-group"
            },
            "timeouts": {
              "create": "10m",
              "delete": "15m"
            },
            "vpc_id": "vpc-03e52b21e37d49eef"
          },
          "sensitive_attributes": [],
          "private": "eyJlMmJmYjczMC1lY2FhLTExZTYtOGY4OC0zNDM2M2JjN2M0YzAiOnsiY3JlYXRlIjo2MDAwMDAwMDAwMDAsImRlbGV0ZSI6OTAwMDAwMDAwMDAwfSwic2NoZW1hX3ZlcnNpb24iOiIxIn0=",
          "dependencies": [
            "data.aws_vpc.cdc_vpc"
          ],
          "create_before_destroy": true
        }
      ]
    },
    {
      "module": "module.security_groups",
      "mode": "managed",
      "type": "aws_security_group_rule",
      "name": "egress_with_cidr_blocks",
      "provider": "provider[\"registry.terraform.io/hashicorp/aws\"]",
      "instances": [
        {
          "index_key": 0,
          "schema_version": 2,
          "attributes": {
            "cidr_blocks": [
              "0.0.0.0/0"
            ],
            "description": "allow all access",
            "from_port": 0,
            "id": "sgrule-3309287325",
            "ipv6_cidr_blocks": null,
            "prefix_list_ids": [],
            "protocol": "-1",
            "security_group_id": "sg-098c5ae775d1533ab",
            "security_group_rule_id": "sgr-017095d59f801dcdd",
            "self": false,
            "source_security_group_id": null,
            "timeouts": null,
            "to_port": 0,
            "type": "egress"
          },
          "sensitive_attributes": [],
          "private": "eyJlMmJmYjczMC1lY2FhLTExZTYtOGY4OC0zNDM2M2JjN2M0YzAiOnsiY3JlYXRlIjozMDAwMDAwMDAwMDB9LCJzY2hlbWFfdmVyc2lvbiI6IjIifQ==",
          "dependencies": [
            "data.aws_vpc.cdc_vpc",
            "module.security_groups.aws_security_group.this",
            "module.security_groups.aws_security_group.this_name_prefix"
          ]
        }
      ]
    },
    {
      "module": "module.security_groups",
      "mode": "managed",
      "type": "aws_security_group_rule",
      "name": "ingress_with_cidr_blocks",
      "provider": "provider[\"registry.terraform.io/hashicorp/aws\"]",
      "instances": [
        {
          "index_key": 0,
          "schema_version": 2,
          "attributes": {
            "cidr_blocks": [
              "10.0.0.0/16"
            ],
            "description": "eks cluster access",
            "from_port": 5432,
            "id": "sgrule-65980169",
            "ipv6_cidr_blocks": null,
            "prefix_list_ids": [],
            "protocol": "tcp",
            "security_group_id": "sg-098c5ae775d1533ab",
            "security_group_rule_id": "sgr-07674c70018fdc334",
            "self": false,
            "source_security_group_id": null,
            "timeouts": null,
            "to_port": 5432,
            "type": "ingress"
          },
          "sensitive_attributes": [],
          "private": "eyJlMmJmYjczMC1lY2FhLTExZTYtOGY4OC0zNDM2M2JjN2M0YzAiOnsiY3JlYXRlIjozMDAwMDAwMDAwMDB9LCJzY2hlbWFfdmVyc2lvbiI6IjIifQ==",
          "dependencies": [
            "data.aws_vpc.cdc_vpc",
            "module.security_groups.aws_security_group.this",
            "module.security_groups.aws_security_group.this_name_prefix"
          ]
        },
        {
          "index_key": 1,
          "schema_version": 2,
          "attributes": {
            "cidr_blocks": [
              "0.0.0.0/0"
            ],
            "description": "public access",
            "from_port": 5432,
            "id": "sgrule-1699821067",
            "ipv6_cidr_blocks": null,
            "prefix_list_ids": [],
            "protocol": "tcp",
            "security_group_id": "sg-098c5ae775d1533ab",
            "security_group_rule_id": "sgr-00e1a8fd4940c9da6",
            "self": false,
            "source_security_group_id": null,
            "timeouts": null,
            "to_port": 5432,
            "type": "ingress"
          },
          "sensitive_attributes": [],
          "private": "eyJlMmJmYjczMC1lY2FhLTExZTYtOGY4OC0zNDM2M2JjN2M0YzAiOnsiY3JlYXRlIjozMDAwMDAwMDAwMDB9LCJzY2hlbWFfdmVyc2lvbiI6IjIifQ==",
          "dependencies": [
            "data.aws_vpc.cdc_vpc",
            "module.security_groups.aws_security_group.this",
            "module.security_groups.aws_security_group.this_name_prefix"
          ]
        }
      ]
    }
  ],
  "check_results": []
}
