{
  "version": 4,
  "terraform_version": "1.3.0",
  "serial": 24,
  "lineage": "9dbc45eb-cae1-cf44-91c5-ba75c64b561d",
  "outputs": {},
  "resources": [
    {
      "mode": "data",
      "type": "aws_db_instance",
      "name": "primary",
      "provider": "provider[\"registry.terraform.io/hashicorp/aws\"]",
      "instances": [
        {
          "schema_version": 0,
          "attributes": {
            "address": "cdc-bowo-primary.cttxmasbywyz.us-west-2.rds.amazonaws.com",
            "allocated_storage": 5,
            "auto_minor_version_upgrade": true,
            "availability_zone": "us-west-2a",
            "backup_retention_period": 0,
            "ca_cert_identifier": "rds-ca-2019",
            "db_cluster_identifier": "",
            "db_instance_arn": "arn:aws:rds:us-west-2:355069276557:db:cdc-bowo-primary",
            "db_instance_class": "db.t3.micro",
            "db_instance_identifier": "cdc-bowo-primary",
            "db_instance_port": 0,
            "db_name": "",
            "db_parameter_groups": [
              "cdc-bowo-primary-20230719090119262100000001"
            ],
            "db_subnet_group": "cdc-bowo-primary-20230719090119262600000005",
            "enabled_cloudwatch_logs_exports": [],
            "endpoint": "cdc-bowo-primary.cttxmasbywyz.us-west-2.rds.amazonaws.com:5432",
            "engine": "postgres",
            "engine_version": "14.7",
            "hosted_zone_id": "Z1PVIF0B656C1W",
            "id": "cdc-bowo-primary",
            "iops": 0,
            "kms_key_id": "arn:aws:kms:us-west-2:355069276557:key/3f265835-6c8c-4add-ad32-aae4888e7047",
            "license_model": "postgresql-license",
            "master_user_secret": null,
            "master_username": "postgres",
            "monitoring_interval": 30,
            "monitoring_role_arn": "arn:aws:iam::355069276557:role/MyRDSMonitoringRole",
            "multi_az": false,
            "network_type": "IPV4",
            "option_group_memberships": [
              "default:postgres-14"
            ],
            "port": 5432,
            "preferred_backup_window": "03:00-06:00",
            "preferred_maintenance_window": "mon:00:00-mon:03:00",
            "publicly_accessible": true,
            "replicate_source_db": "",
            "resource_id": "db-HTUNJKGO2HET3KAIEVNGV7TTEE",
            "storage_encrypted": true,
            "storage_throughput": 0,
            "storage_type": "gp2",
            "tags": {
              "Environment": "dev",
              "Owner": "user"
            },
            "timezone": "",
            "vpc_security_groups": [
              "sg-0795a2e884b97dbaf"
            ]
          },
          "sensitive_attributes": []
        }
      ]
    },
    {
      "mode": "data",
      "type": "aws_db_instance",
      "name": "secondary",
      "provider": "provider[\"registry.terraform.io/hashicorp/aws\"]",
      "instances": [
        {
          "schema_version": 0,
          "attributes": {
            "address": "cdc-bowo-secondary.cttxmasbywyz.us-west-2.rds.amazonaws.com",
            "allocated_storage": 5,
            "auto_minor_version_upgrade": true,
            "availability_zone": "us-west-2a",
            "backup_retention_period": 0,
            "ca_cert_identifier": "rds-ca-2019",
            "db_cluster_identifier": "",
            "db_instance_arn": "arn:aws:rds:us-west-2:355069276557:db:cdc-bowo-secondary",
            "db_instance_class": "db.t3.micro",
            "db_instance_identifier": "cdc-bowo-secondary",
            "db_instance_port": 0,
            "db_name": "",
            "db_parameter_groups": [
              "cdc-bowo-secondary-20230719090119262100000002"
            ],
            "db_subnet_group": "cdc-bowo-secondary-20230719090119262200000004",
            "enabled_cloudwatch_logs_exports": [],
            "endpoint": "cdc-bowo-secondary.cttxmasbywyz.us-west-2.rds.amazonaws.com:5432",
            "engine": "postgres",
            "engine_version": "14.7",
            "hosted_zone_id": "Z1PVIF0B656C1W",
            "id": "cdc-bowo-secondary",
            "iops": 0,
            "kms_key_id": "arn:aws:kms:us-west-2:355069276557:key/3f265835-6c8c-4add-ad32-aae4888e7047",
            "license_model": "postgresql-license",
            "master_user_secret": null,
            "master_username": "postgres",
            "monitoring_interval": 30,
            "monitoring_role_arn": "arn:aws:iam::355069276557:role/MyRDSMonitoringRole2",
            "multi_az": false,
            "network_type": "IPV4",
            "option_group_memberships": [
              "default:postgres-14"
            ],
            "port": 5432,
            "preferred_backup_window": "03:00-06:00",
            "preferred_maintenance_window": "mon:00:00-mon:03:00",
            "publicly_accessible": true,
            "replicate_source_db": "",
            "resource_id": "db-OTF5QE253L5EZLLDCPNI5S2Q34",
            "storage_encrypted": true,
            "storage_throughput": 0,
            "storage_type": "gp2",
            "tags": {
              "Environment": "dev",
              "Owner": "user"
            },
            "timezone": "",
            "vpc_security_groups": [
              "sg-0795a2e884b97dbaf"
            ]
          },
          "sensitive_attributes": []
        }
      ]
    },
    {
      "mode": "managed",
      "type": "kubectl_manifest",
      "name": "blue_deployment",
      "provider": "provider[\"registry.terraform.io/gavinbunney/kubectl\"]",
      "instances": [
        {
          "schema_version": 1,
          "attributes": {
            "api_version": "apps/v1",
            "apply_only": false,
            "force_conflicts": false,
            "force_new": false,
            "id": "/apis/apps/v1/namespaces/default/deployments/blue",
            "ignore_fields": null,
            "kind": "Deployment",
            "live_manifest_incluster": "fa4513d30091971a1c5b1078c93bc70d0cd3b50060f0609e487d83a0380b7439",
            "live_uid": "c950d8b8-8efc-4ea4-9f75-dc9bb0f24b35",
            "name": "blue",
            "namespace": null,
            "override_namespace": null,
            "sensitive_fields": null,
            "server_side_apply": false,
            "timeouts": null,
            "uid": "c950d8b8-8efc-4ea4-9f75-dc9bb0f24b35",
            "validate_schema": true,
            "wait": null,
            "wait_for_rollout": true,
            "yaml_body": "apiVersion: apps/v1\nkind: Deployment\nmetadata:\n  name: blue\nspec:\n  replicas: 1\n  selector:\n    matchLabels:\n      app: blue\n  template:\n    metadata:\n      labels:\n        app: blue\n        tier: backend\n    spec:\n      containers:\n        - name: app\n          image: rweebs/helper_backend:1.0.0\n          imagePullPolicy: Always\n          ports:\n            - containerPort: 8080\n          volumeMounts:\n            - name: app-config\n              mountPath: /config\n      volumes:\n        - name: app-config\n          configMap:\n            name: app-config-blue",
            "yaml_body_parsed": "apiVersion: apps/v1\nkind: Deployment\nmetadata:\n  name: blue\nspec:\n  replicas: 1\n  selector:\n    matchLabels:\n      app: blue\n  template:\n    metadata:\n      labels:\n        app: blue\n        tier: backend\n    spec:\n      containers:\n      - image: rweebs/helper_backend:1.0.0\n        imagePullPolicy: Always\n        name: app\n        ports:\n        - containerPort: 8080\n        volumeMounts:\n        - mountPath: /config\n          name: app-config\n      volumes:\n      - configMap:\n          name: app-config-blue\n        name: app-config\n",
            "yaml_incluster": "fa4513d30091971a1c5b1078c93bc70d0cd3b50060f0609e487d83a0380b7439"
          },
          "sensitive_attributes": [],
          "private": "eyJlMmJmYjczMC1lY2FhLTExZTYtOGY4OC0zNDM2M2JjN2M0YzAiOnsiY3JlYXRlIjo2MDAwMDAwMDAwMDB9LCJzY2hlbWFfdmVyc2lvbiI6IjEifQ=="
        }
      ]
    },
    {
      "mode": "managed",
      "type": "kubectl_manifest",
      "name": "green_deployment",
      "provider": "provider[\"registry.terraform.io/gavinbunney/kubectl\"]",
      "instances": [
        {
          "schema_version": 1,
          "attributes": {
            "api_version": "apps/v1",
            "apply_only": false,
            "force_conflicts": false,
            "force_new": false,
            "id": "/apis/apps/v1/namespaces/default/deployments/green",
            "ignore_fields": null,
            "kind": "Deployment",
            "live_manifest_incluster": "3d66727b24e32175622eeaadc860a9bd636e4ef4c125f2861fa62f926373610b",
            "live_uid": "0f6ca363-0bbb-466f-b4f9-5f4482c3b126",
            "name": "green",
            "namespace": null,
            "override_namespace": null,
            "sensitive_fields": null,
            "server_side_apply": false,
            "timeouts": null,
            "uid": "0f6ca363-0bbb-466f-b4f9-5f4482c3b126",
            "validate_schema": true,
            "wait": null,
            "wait_for_rollout": true,
            "yaml_body": "apiVersion: apps/v1\nkind: Deployment\nmetadata:\n  name: green\nspec:\n  replicas: 1\n  selector:\n    matchLabels:\n      app: green\n  template:\n    metadata:\n      labels:\n        app: green\n        tier: backend\n    spec:\n      containers:\n        - name: app\n          image: rweebs/helper_backend:2.0.0\n          imagePullPolicy: Always\n          ports:\n            - containerPort: 8080\n          volumeMounts:\n            - name: app-config\n              mountPath: /config\n      volumes:\n        - name: app-config\n          configMap:\n            name: app-config-green",
            "yaml_body_parsed": "apiVersion: apps/v1\nkind: Deployment\nmetadata:\n  name: green\nspec:\n  replicas: 1\n  selector:\n    matchLabels:\n      app: green\n  template:\n    metadata:\n      labels:\n        app: green\n        tier: backend\n    spec:\n      containers:\n      - image: rweebs/helper_backend:2.0.0\n        imagePullPolicy: Always\n        name: app\n        ports:\n        - containerPort: 8080\n        volumeMounts:\n        - mountPath: /config\n          name: app-config\n      volumes:\n      - configMap:\n          name: app-config-green\n        name: app-config\n",
            "yaml_incluster": "3d66727b24e32175622eeaadc860a9bd636e4ef4c125f2861fa62f926373610b"
          },
          "sensitive_attributes": [],
          "private": "eyJlMmJmYjczMC1lY2FhLTExZTYtOGY4OC0zNDM2M2JjN2M0YzAiOnsiY3JlYXRlIjo2MDAwMDAwMDAwMDB9LCJzY2hlbWFfdmVyc2lvbiI6IjEifQ=="
        }
      ]
    },
    {
      "mode": "managed",
      "type": "kubectl_manifest",
      "name": "k6_pod",
      "provider": "provider[\"registry.terraform.io/gavinbunney/kubectl\"]",
      "instances": [
        {
          "schema_version": 1,
          "attributes": {
            "api_version": "v1",
            "apply_only": false,
            "force_conflicts": false,
            "force_new": false,
            "id": "/api/v1/namespaces/default/pods/k6",
            "ignore_fields": null,
            "kind": "Pod",
            "live_manifest_incluster": "4bd7ac327efbff151884f54bb303cf9055bc94e4d32d99598831e9da72d0571d",
            "live_uid": "422b2719-28f4-4b50-81de-09422db851f6",
            "name": "k6",
            "namespace": null,
            "override_namespace": null,
            "sensitive_fields": null,
            "server_side_apply": false,
            "timeouts": null,
            "uid": "422b2719-28f4-4b50-81de-09422db851f6",
            "validate_schema": true,
            "wait": null,
            "wait_for_rollout": true,
            "yaml_body": "# k6-pod.yaml\napiVersion: v1\nkind: Pod\nmetadata:\n  name: k6\n  labels:\n    app: k6\nspec:\n  containers:\n  - name: k6\n    image: loadimpact/k6\n    command: [\"/bin/sleep\", \"3650d\"]\n    imagePullPolicy: IfNotPresent\n    volumeMounts:\n    - name: k6-config\n      mountPath: /config\n  volumes:\n    - name: k6-config\n      configMap:\n        name: k6-config\n\n",
            "yaml_body_parsed": "apiVersion: v1\nkind: Pod\nmetadata:\n  labels:\n    app: k6\n  name: k6\nspec:\n  containers:\n  - command:\n    - /bin/sleep\n    - 3650d\n    image: loadimpact/k6\n    imagePullPolicy: IfNotPresent\n    name: k6\n    volumeMounts:\n    - mountPath: /config\n      name: k6-config\n  volumes:\n  - configMap:\n      name: k6-config\n    name: k6-config\n",
            "yaml_incluster": "4bd7ac327efbff151884f54bb303cf9055bc94e4d32d99598831e9da72d0571d"
          },
          "sensitive_attributes": [],
          "private": "eyJlMmJmYjczMC1lY2FhLTExZTYtOGY4OC0zNDM2M2JjN2M0YzAiOnsiY3JlYXRlIjo2MDAwMDAwMDAwMDB9LCJzY2hlbWFfdmVyc2lvbiI6IjEifQ=="
        }
      ]
    },
    {
      "mode": "managed",
      "type": "kubectl_manifest",
      "name": "service",
      "provider": "provider[\"registry.terraform.io/gavinbunney/kubectl\"]",
      "instances": [
        {
          "schema_version": 1,
          "attributes": {
            "api_version": "v1",
            "apply_only": false,
            "force_conflicts": false,
            "force_new": false,
            "id": "/api/v1/namespaces/default/services/app",
            "ignore_fields": null,
            "kind": "Service",
            "live_manifest_incluster": "c4acfeb10dad86b2ed2809ed6b6ac375a435d6f54fb9dc3bba4f6f0cfe1c3afa",
            "live_uid": "2e94d1a0-c676-46a9-9757-017184e413dc",
            "name": "app",
            "namespace": null,
            "override_namespace": null,
            "sensitive_fields": null,
            "server_side_apply": false,
            "timeouts": null,
            "uid": "2e94d1a0-c676-46a9-9757-017184e413dc",
            "validate_schema": true,
            "wait": null,
            "wait_for_rollout": true,
            "yaml_body": "apiVersion: v1\nkind: Service\nmetadata:\n  name: app\nspec:\n  type: LoadBalancer\n  ports:\n    - name: app\n      protocol: TCP\n      port: 8080\n      targetPort: 8080\n  selector:\n    app: blue\n    tier: backend",
            "yaml_body_parsed": "apiVersion: v1\nkind: Service\nmetadata:\n  name: app\nspec:\n  ports:\n  - name: app\n    port: 8080\n    protocol: TCP\n    targetPort: 8080\n  selector:\n    app: blue\n    tier: backend\n  type: LoadBalancer\n",
            "yaml_incluster": "c4acfeb10dad86b2ed2809ed6b6ac375a435d6f54fb9dc3bba4f6f0cfe1c3afa"
          },
          "sensitive_attributes": [],
          "private": "eyJlMmJmYjczMC1lY2FhLTExZTYtOGY4OC0zNDM2M2JjN2M0YzAiOnsiY3JlYXRlIjo2MDAwMDAwMDAwMDB9LCJzY2hlbWFfdmVyc2lvbiI6IjEifQ=="
        }
      ]
    },
    {
      "mode": "managed",
      "type": "kubernetes_config_map",
      "name": "config_blue",
      "provider": "provider[\"registry.terraform.io/hashicorp/kubernetes\"]",
      "instances": [
        {
          "schema_version": 0,
          "attributes": {
            "binary_data": null,
            "data": {
              "config.yaml": "Name: helper\n\nLog:\n    Level: debug\n    Format: json\n    Development: true\n\nHTTP:\n    Host: 0.0.0.0\n    Port: 8080\n\nDatabase:\n    Engine: postgres\n    Name: postgres\n    Host: cdc-bowo-primary.cttxmasbywyz.us-west-2.rds.amazonaws.com\n    Port: 5432\n    Username: postgres\n    Password: CuTGUoIA"
            },
            "id": "default/app-config-blue",
            "immutable": false,
            "metadata": [
              {
                "annotations": null,
                "generate_name": "",
                "generation": 0,
                "labels": null,
                "name": "app-config-blue",
                "namespace": "default",
                "resource_version": "14078",
                "uid": "f86f29e7-dffc-4bde-87dd-ec176f692d80"
              }
            ]
          },
          "sensitive_attributes": [],
          "private": "bnVsbA==",
          "dependencies": [
            "data.aws_db_instance.primary"
          ]
        }
      ]
    },
    {
      "mode": "managed",
      "type": "kubernetes_config_map",
      "name": "green_config",
      "provider": "provider[\"registry.terraform.io/hashicorp/kubernetes\"]",
      "instances": [
        {
          "schema_version": 0,
          "attributes": {
            "binary_data": null,
            "data": {
              "config.yaml": "Name: helper\n\nLog:\n    Level: debug\n    Format: json\n    Development: true\n\nHTTP:\n    Host: 0.0.0.0\n    Port: 8080\n\nDatabase:\n    Engine: postgres\n    Name: postgres\n    Host: cdc-bowo-secondary.cttxmasbywyz.us-west-2.rds.amazonaws.com\n    Port: 5432\n    Username: postgres\n    Password: CuTGUoIA"
            },
            "id": "default/app-config-green",
            "immutable": false,
            "metadata": [
              {
                "annotations": null,
                "generate_name": "",
                "generation": 0,
                "labels": null,
                "name": "app-config-green",
                "namespace": "default",
                "resource_version": "14077",
                "uid": "6c5cb57f-b817-418f-88ab-bed369744f5e"
              }
            ]
          },
          "sensitive_attributes": [],
          "private": "bnVsbA==",
          "dependencies": [
            "data.aws_db_instance.secondary"
          ]
        }
      ]
    },
    {
      "mode": "managed",
      "type": "kubernetes_config_map",
      "name": "k6_config",
      "provider": "provider[\"registry.terraform.io/hashicorp/kubernetes\"]",
      "instances": [
        {
          "schema_version": 0,
          "attributes": {
            "binary_data": null,
            "data": {
              "script.js": "import http from 'k6/http';\n\nconst url = 'http://app.default.svc.cluster.local:8080';\nimport * as faker from 'https://cdnjs.cloudflare.com/ajax/libs/Faker/3.1.0/faker.min.js';\n\nconst menuPath = \"/api/v1/menu/\"\nconst transactionPath = \"/api/v1/transaction/\"\n\nexport default function () {\n  let image = faker.image.food();\n  let title = faker.lorem.sentence(3);\n  let price = faker.random.number(3);\n  let description = faker.lorem.sentence(3);\n  let day = faker.random.word(1);\n  let menu = {\n    day_menus: [\n      {\n        day: day,\n        image: image,\n      }\n    ],\n    description: description,\n    price: price,\n    title: title\n  }\n\n  // Using a JSON string as body\n  let res = http.post(`${url}${menuPath}`, JSON.stringify(menu), {\n    headers: { 'Content-Type': 'application/json' },\n  });\n  console.log(res.json());\n  let menu_id = res.json().data.id;\n\n  let transaction ={\n    address: faker.random.word(1),\n    amount: faker.random.number(3),\n    count: faker.random.number(1),\n    is_afternoon: true,\n    is_morning: true,\n    is_noon: true,\n    menu_id: menu_id\n  }\n\n  res = http.post(`${url}${transactionPath}`, JSON.stringify(transaction), {\n    headers: { 'Content-Type': 'application/json' },\n  });\n  let transaction_id = res.json().data.id;\n  let status = {\n    id : transaction_id,\n    status : \"ongoing\"\n  }\n  res = http.patch(`${url}${transactionPath}`, JSON.stringify(status), {\n    headers: { 'Content-Type': 'application/json' },\n  });\n\n}\n"
            },
            "id": "default/k6-config",
            "immutable": false,
            "metadata": [
              {
                "annotations": null,
                "generate_name": "",
                "generation": 0,
                "labels": null,
                "name": "k6-config",
                "namespace": "default",
                "resource_version": "14075",
                "uid": "0821a6ba-80e6-498b-9aed-88dda668614c"
              }
            ]
          },
          "sensitive_attributes": [],
          "private": "bnVsbA=="
        }
      ]
    }
  ],
  "check_results": []
}
