{
  "version": 4,
  "terraform_version": "1.3.0",
  "serial": 12,
  "lineage": "140fb893-3a55-a283-5bed-c7371fed7b51",
  "outputs": {},
  "resources": [
    {
      "mode": "data",
      "type": "aws_db_instance",
      "name": "primary",
      "provider": "provider[\"registry.terraform.io/hashicorp/aws\"]",
      "instances": [
        {
          "schema_version": 0,
          "attributes": {
            "address": "cdc-bowo-primary.ch28opzz808f.us-west-2.rds.amazonaws.com",
            "allocated_storage": 5,
            "auto_minor_version_upgrade": true,
            "availability_zone": "us-west-2a",
            "backup_retention_period": 0,
            "ca_cert_identifier": "rds-ca-2019",
            "db_cluster_identifier": "",
            "db_instance_arn": "arn:aws:rds:us-west-2:524048011902:db:cdc-bowo-primary",
            "db_instance_class": "db.t3.micro",
            "db_instance_identifier": "cdc-bowo-primary",
            "db_instance_port": 0,
            "db_name": "",
            "db_parameter_groups": [
              "cdc-bowo-primary-20230719003525351500000002"
            ],
            "db_subnet_group": "cdc-bowo-primary-20230719003525350800000001",
            "enabled_cloudwatch_logs_exports": [],
            "endpoint": "cdc-bowo-primary.ch28opzz808f.us-west-2.rds.amazonaws.com:5432",
            "engine": "postgres",
            "engine_version": "14.7",
            "hosted_zone_id": "Z1PVIF0B656C1W",
            "id": "cdc-bowo-primary",
            "iops": 0,
            "kms_key_id": "arn:aws:kms:us-west-2:524048011902:key/2ea49185-f4a0-48f9-a43a-5500002c1ee6",
            "license_model": "postgresql-license",
            "master_user_secret": null,
            "master_username": "postgres",
            "monitoring_interval": 30,
            "monitoring_role_arn": "arn:aws:iam::524048011902:role/MyRDSMonitoringRole",
            "multi_az": false,
            "network_type": "IPV4",
            "option_group_memberships": [
              "default:postgres-14"
            ],
            "port": 5432,
            "preferred_backup_window": "03:00-06:00",
            "preferred_maintenance_window": "mon:00:00-mon:03:00",
            "publicly_accessible": true,
            "replicate_source_db": "",
            "resource_id": "db-JXT6UK3NRJGWTZ74EMRNC2K2MM",
            "storage_encrypted": true,
            "storage_throughput": 0,
            "storage_type": "gp2",
            "tags": {
              "Environment": "dev",
              "Owner": "user"
            },
            "timezone": "",
            "vpc_security_groups": [
              "sg-0f2e1450fbb612ff0"
            ]
          },
          "sensitive_attributes": []
        }
      ]
    },
    {
      "mode": "data",
      "type": "aws_db_instance",
      "name": "secondary",
      "provider": "provider[\"registry.terraform.io/hashicorp/aws\"]",
      "instances": [
        {
          "schema_version": 0,
          "attributes": {
            "address": "cdc-bowo-secondary.ch28opzz808f.us-west-2.rds.amazonaws.com",
            "allocated_storage": 5,
            "auto_minor_version_upgrade": true,
            "availability_zone": "us-west-2a",
            "backup_retention_period": 0,
            "ca_cert_identifier": "rds-ca-2019",
            "db_cluster_identifier": "",
            "db_instance_arn": "arn:aws:rds:us-west-2:524048011902:db:cdc-bowo-secondary",
            "db_instance_class": "db.t3.micro",
            "db_instance_identifier": "cdc-bowo-secondary",
            "db_instance_port": 0,
            "db_name": "",
            "db_parameter_groups": [
              "cdc-bowo-secondary-20230719003525351600000004"
            ],
            "db_subnet_group": "cdc-bowo-secondary-20230719003525351500000003",
            "enabled_cloudwatch_logs_exports": [],
            "endpoint": "cdc-bowo-secondary.ch28opzz808f.us-west-2.rds.amazonaws.com:5432",
            "engine": "postgres",
            "engine_version": "14.7",
            "hosted_zone_id": "Z1PVIF0B656C1W",
            "id": "cdc-bowo-secondary",
            "iops": 0,
            "kms_key_id": "arn:aws:kms:us-west-2:524048011902:key/2ea49185-f4a0-48f9-a43a-5500002c1ee6",
            "license_model": "postgresql-license",
            "master_user_secret": null,
            "master_username": "postgres",
            "monitoring_interval": 30,
            "monitoring_role_arn": "arn:aws:iam::524048011902:role/MyRDSMonitoringRole2",
            "multi_az": false,
            "network_type": "IPV4",
            "option_group_memberships": [
              "default:postgres-14"
            ],
            "port": 5432,
            "preferred_backup_window": "03:00-06:00",
            "preferred_maintenance_window": "mon:00:00-mon:03:00",
            "publicly_accessible": true,
            "replicate_source_db": "",
            "resource_id": "db-FTNDGG4DH5BVNZ3RUKVZ66JUHQ",
            "storage_encrypted": true,
            "storage_throughput": 0,
            "storage_type": "gp2",
            "tags": {
              "Environment": "dev",
              "Owner": "user"
            },
            "timezone": "",
            "vpc_security_groups": [
              "sg-0f2e1450fbb612ff0"
            ]
          },
          "sensitive_attributes": []
        }
      ]
    },
    {
      "mode": "managed",
      "type": "kubectl_manifest",
      "name": "blue_deployment",
      "provider": "provider[\"registry.terraform.io/gavinbunney/kubectl\"]",
      "instances": [
        {
          "schema_version": 1,
          "attributes": {
            "api_version": "apps/v1",
            "apply_only": false,
            "force_conflicts": false,
            "force_new": false,
            "id": "/apis/apps/v1/namespaces/default/deployments/blue",
            "ignore_fields": null,
            "kind": "Deployment",
            "live_manifest_incluster": "fa4513d30091971a1c5b1078c93bc70d0cd3b50060f0609e487d83a0380b7439",
            "live_uid": "87990dad-f0e4-4f9f-80d3-f823d90c8c63",
            "name": "blue",
            "namespace": null,
            "override_namespace": null,
            "sensitive_fields": null,
            "server_side_apply": false,
            "timeouts": null,
            "uid": "87990dad-f0e4-4f9f-80d3-f823d90c8c63",
            "validate_schema": true,
            "wait": null,
            "wait_for_rollout": true,
            "yaml_body": "apiVersion: apps/v1\nkind: Deployment\nmetadata:\n  name: blue\nspec:\n  replicas: 1\n  selector:\n    matchLabels:\n      app: blue\n  template:\n    metadata:\n      labels:\n        app: blue\n        tier: backend\n    spec:\n      containers:\n        - name: app\n          image: rweebs/helper_backend:1.0.0\n          imagePullPolicy: Always\n          ports:\n            - containerPort: 8080\n          volumeMounts:\n            - name: app-config\n              mountPath: /config\n      volumes:\n        - name: app-config\n          configMap:\n            name: app-config-blue",
            "yaml_body_parsed": "apiVersion: apps/v1\nkind: Deployment\nmetadata:\n  name: blue\nspec:\n  replicas: 1\n  selector:\n    matchLabels:\n      app: blue\n  template:\n    metadata:\n      labels:\n        app: blue\n        tier: backend\n    spec:\n      containers:\n      - image: rweebs/helper_backend:1.0.0\n        imagePullPolicy: Always\n        name: app\n        ports:\n        - containerPort: 8080\n        volumeMounts:\n        - mountPath: /config\n          name: app-config\n      volumes:\n      - configMap:\n          name: app-config-blue\n        name: app-config\n",
            "yaml_incluster": "fa4513d30091971a1c5b1078c93bc70d0cd3b50060f0609e487d83a0380b7439"
          },
          "sensitive_attributes": [],
          "private": "eyJlMmJmYjczMC1lY2FhLTExZTYtOGY4OC0zNDM2M2JjN2M0YzAiOnsiY3JlYXRlIjo2MDAwMDAwMDAwMDB9LCJzY2hlbWFfdmVyc2lvbiI6IjEifQ=="
        }
      ]
    },
    {
      "mode": "managed",
      "type": "kubectl_manifest",
      "name": "green_deployment",
      "provider": "provider[\"registry.terraform.io/gavinbunney/kubectl\"]",
      "instances": [
        {
          "schema_version": 1,
          "attributes": {
            "api_version": "apps/v1",
            "apply_only": false,
            "force_conflicts": false,
            "force_new": false,
            "id": "/apis/apps/v1/namespaces/default/deployments/green",
            "ignore_fields": null,
            "kind": "Deployment",
            "live_manifest_incluster": "3d66727b24e32175622eeaadc860a9bd636e4ef4c125f2861fa62f926373610b",
            "live_uid": "3e3d3cb1-cead-4775-aa1a-3af0e112023e",
            "name": "green",
            "namespace": null,
            "override_namespace": null,
            "sensitive_fields": null,
            "server_side_apply": false,
            "timeouts": null,
            "uid": "3e3d3cb1-cead-4775-aa1a-3af0e112023e",
            "validate_schema": true,
            "wait": null,
            "wait_for_rollout": true,
            "yaml_body": "apiVersion: apps/v1\nkind: Deployment\nmetadata:\n  name: green\nspec:\n  replicas: 1\n  selector:\n    matchLabels:\n      app: green\n  template:\n    metadata:\n      labels:\n        app: green\n        tier: backend\n    spec:\n      containers:\n        - name: app\n          image: rweebs/helper_backend:2.0.0\n          imagePullPolicy: Always\n          ports:\n            - containerPort: 8080\n          volumeMounts:\n            - name: app-config\n              mountPath: /config\n      volumes:\n        - name: app-config\n          configMap:\n            name: app-config-green",
            "yaml_body_parsed": "apiVersion: apps/v1\nkind: Deployment\nmetadata:\n  name: green\nspec:\n  replicas: 1\n  selector:\n    matchLabels:\n      app: green\n  template:\n    metadata:\n      labels:\n        app: green\n        tier: backend\n    spec:\n      containers:\n      - image: rweebs/helper_backend:2.0.0\n        imagePullPolicy: Always\n        name: app\n        ports:\n        - containerPort: 8080\n        volumeMounts:\n        - mountPath: /config\n          name: app-config\n      volumes:\n      - configMap:\n          name: app-config-green\n        name: app-config\n",
            "yaml_incluster": "3d66727b24e32175622eeaadc860a9bd636e4ef4c125f2861fa62f926373610b"
          },
          "sensitive_attributes": [],
          "private": "eyJlMmJmYjczMC1lY2FhLTExZTYtOGY4OC0zNDM2M2JjN2M0YzAiOnsiY3JlYXRlIjo2MDAwMDAwMDAwMDB9LCJzY2hlbWFfdmVyc2lvbiI6IjEifQ=="
        }
      ]
    },
    {
      "mode": "managed",
      "type": "kubectl_manifest",
      "name": "service",
      "provider": "provider[\"registry.terraform.io/gavinbunney/kubectl\"]",
      "instances": [
        {
          "schema_version": 1,
          "attributes": {
            "api_version": "v1",
            "apply_only": false,
            "force_conflicts": false,
            "force_new": false,
            "id": "/api/v1/namespaces/default/services/app",
            "ignore_fields": null,
            "kind": "Service",
            "live_manifest_incluster": "c4acfeb10dad86b2ed2809ed6b6ac375a435d6f54fb9dc3bba4f6f0cfe1c3afa",
            "live_uid": "f640e1c2-e9aa-42cf-8b84-ee28b89857ff",
            "name": "app",
            "namespace": null,
            "override_namespace": null,
            "sensitive_fields": null,
            "server_side_apply": false,
            "timeouts": null,
            "uid": "f640e1c2-e9aa-42cf-8b84-ee28b89857ff",
            "validate_schema": true,
            "wait": null,
            "wait_for_rollout": true,
            "yaml_body": "apiVersion: v1\nkind: Service\nmetadata:\n  name: app\nspec:\n  type: LoadBalancer\n  ports:\n    - name: app\n      protocol: TCP\n      port: 8080\n      targetPort: 8080\n  selector:\n    app: blue\n    tier: backend",
            "yaml_body_parsed": "apiVersion: v1\nkind: Service\nmetadata:\n  name: app\nspec:\n  ports:\n  - name: app\n    port: 8080\n    protocol: TCP\n    targetPort: 8080\n  selector:\n    app: blue\n    tier: backend\n  type: LoadBalancer\n",
            "yaml_incluster": "c4acfeb10dad86b2ed2809ed6b6ac375a435d6f54fb9dc3bba4f6f0cfe1c3afa"
          },
          "sensitive_attributes": [],
          "private": "eyJlMmJmYjczMC1lY2FhLTExZTYtOGY4OC0zNDM2M2JjN2M0YzAiOnsiY3JlYXRlIjo2MDAwMDAwMDAwMDB9LCJzY2hlbWFfdmVyc2lvbiI6IjEifQ=="
        }
      ]
    },
    {
      "mode": "managed",
      "type": "kubernetes_config_map",
      "name": "config_blue",
      "provider": "provider[\"registry.terraform.io/hashicorp/kubernetes\"]",
      "instances": [
        {
          "schema_version": 0,
          "attributes": {
            "binary_data": {},
            "data": {
              "config.yaml": "Name: helper\n\nLog:\n    Level: debug\n    Format: json\n    Development: true\n\nHTTP:\n    Host: 0.0.0.0\n    Port: 8080\n\nDatabase:\n    Engine: postgres\n    Name: postgres\n    Host: cdc-bowo-primary.ch28opzz808f.us-west-2.rds.amazonaws.com\n    Port: 5432\n    Username: postgres\n    Password: CuTGUoIA"
            },
            "id": "default/app-config-blue",
            "immutable": false,
            "metadata": [
              {
                "annotations": {},
                "generate_name": "",
                "generation": 0,
                "labels": {},
                "name": "app-config-blue",
                "namespace": "default",
                "resource_version": "11543",
                "uid": "7af8e362-b2c3-40d7-9c25-79903fec19ac"
              }
            ]
          },
          "sensitive_attributes": [],
          "private": "bnVsbA==",
          "dependencies": [
            "data.aws_db_instance.primary"
          ]
        }
      ]
    },
    {
      "mode": "managed",
      "type": "kubernetes_config_map",
      "name": "green_config",
      "provider": "provider[\"registry.terraform.io/hashicorp/kubernetes\"]",
      "instances": [
        {
          "schema_version": 0,
          "attributes": {
            "binary_data": {},
            "data": {
              "config.yaml": "Name: helper\n\nLog:\n    Level: debug\n    Format: json\n    Development: true\n\nHTTP:\n    Host: 0.0.0.0\n    Port: 8080\n\nDatabase:\n    Engine: postgres\n    Name: postgres\n    Host: cdc-bowo-secondary.ch28opzz808f.us-west-2.rds.amazonaws.com\n    Port: 5432\n    Username: postgres\n    Password: CuTGUoIA"
            },
            "id": "default/app-config-green",
            "immutable": false,
            "metadata": [
              {
                "annotations": {},
                "generate_name": "",
                "generation": 0,
                "labels": {},
                "name": "app-config-green",
                "namespace": "default",
                "resource_version": "11542",
                "uid": "e58acf79-fecc-4f0d-8cec-8ccdead6bc37"
              }
            ]
          },
          "sensitive_attributes": [],
          "private": "bnVsbA==",
          "dependencies": [
            "data.aws_db_instance.secondary"
          ]
        }
      ]
    }
  ],
  "check_results": []
}
